Microsoft Visual Studio Solution File, Format Version 12.00
# Visual Studio Version 17
VisualStudioVersion = 17.5.2.0
MinimumVisualStudioVersion = 10.0.40219.1
Project("{FAE04EC0-301F-11D3-BF4B-00C04F79EFBC}") = "GhostCodeBackend.ChatService", "GhostCodeBackend.ChatService.csproj", "{3C01E168-E7B2-DF99-288D-5E69DC0E9241}"
EndProject
Global
	GlobalSection(SolutionConfigurationPlatforms) = preSolution
		Debug|Any CPU = Debug|Any CPU
		Release|Any CPU = Release|Any CPU
	EndGlobalSection
	GlobalSection(ProjectConfigurationPlatforms) = postSolution
		{3C01E168-E7B2-DF99-288D-5E69DC0E9241}.Debug|Any CPU.ActiveCfg = Debug|Any CPU
		{3C01E168-E7B2-DF99-288D-5E69DC0E9241}.Debug|Any CPU.Build.0 = Debug|Any CPU
		{3C01E168-E7B2-DF99-288D-5E69DC0E9241}.Release|Any CPU.ActiveCfg = Release|Any CPU
		{3C01E168-E7B2-DF99-288D-5E69DC0E9241}.Release|Any CPU.Build.0 = Release|Any CPU
	EndGlobalSection
	GlobalSection(SolutionProperties) = preSolution
		HideSolutionNode = FALSE
	EndGlobalSection
	GlobalSection(ExtensibilityGlobals) = postSolution
		SolutionGuid = {DE9E8146-EE44-44C1-8CE7-8EA93741A1D2}
	EndGlobalSection
EndGlobal
